// !$*UTF8*$!
{
	archiveVersion = 1;
	classes = {
	};
	objectVersion = 50;
	objects = {

/* Begin PBXBuildFile section */
		FE0329B62649342B00919166 /* DataController.swift in Sources */ = {isa = PBXBuildFile; fileRef = FE0329B52649342B00919166 /* DataController.swift */; };
		FE2853012644EBBB0003B671 /* AppDelegate.swift in Sources */ = {isa = PBXBuildFile; fileRef = FE2853002644EBBB0003B671 /* AppDelegate.swift */; };
		FE2853032644EBBB0003B671 /* SceneDelegate.swift in Sources */ = {isa = PBXBuildFile; fileRef = FE2853022644EBBB0003B671 /* SceneDelegate.swift */; };
		FE2853052644EBBB0003B671 /*  TravelLocationsMapView.swift in Sources */ = {isa = PBXBuildFile; fileRef = FE2853042644EBBB0003B671 /*  TravelLocationsMapView.swift */; };
		FE2853082644EBBB0003B671 /* Main.storyboard in Resources */ = {isa = PBXBuildFile; fileRef = FE2853062644EBBB0003B671 /* Main.storyboard */; };
		FE28530D2644EBBE0003B671 /* Assets.xcassets in Resources */ = {isa = PBXBuildFile; fileRef = FE28530C2644EBBE0003B671 /* Assets.xcassets */; };
		FE2853102644EBBE0003B671 /* LaunchScreen.storyboard in Resources */ = {isa = PBXBuildFile; fileRef = FE28530E2644EBBE0003B671 /* LaunchScreen.storyboard */; };
		FE5164B0264BA8020057C445 /* PhotoAlbumCollectionViewCell.swift in Sources */ = {isa = PBXBuildFile; fileRef = FE5164AF264BA8020057C445 /* PhotoAlbumCollectionViewCell.swift */; };
		FE7F627D264FF88F0020D3CF /* Pin+Extentions.swift in Sources */ = {isa = PBXBuildFile; fileRef = FE7F627C264FF88F0020D3CF /* Pin+Extentions.swift */; };
		FE7F6280264FF8D90020D3CF /* Photo+Extensions.swift in Sources */ = {isa = PBXBuildFile; fileRef = FE7F627F264FF8D90020D3CF /* Photo+Extensions.swift */; };
		FE7F628426501F850020D3CF /* MKMapView+Extensions.swift in Sources */ = {isa = PBXBuildFile; fileRef = FE7F628326501F850020D3CF /* MKMapView+Extensions.swift */; };
		FE891CF7264AD911004F09E9 /* FlickrClient.swift in Sources */ = {isa = PBXBuildFile; fileRef = FE891CF6264AD911004F09E9 /* FlickrClient.swift */; };
		FE891CFC264B7DB2004F09E9 /* SearchPhotos.swift in Sources */ = {isa = PBXBuildFile; fileRef = FE891CFB264B7DB2004F09E9 /* SearchPhotos.swift */; };
		FEB174652649159800E80CEA /* PhotoAlbumViewController.swift in Sources */ = {isa = PBXBuildFile; fileRef = FEB174642649159800E80CEA /* PhotoAlbumViewController.swift */; };
		FEB1746F264931C800E80CEA /* VirtualTourist.xcdatamodeld in Sources */ = {isa = PBXBuildFile; fileRef = FEB1746D264931C800E80CEA /* VirtualTourist.xcdatamodeld */; };
/* End PBXBuildFile section */

/* Begin PBXFileReference section */
		FE0329B52649342B00919166 /* DataController.swift */ = {isa = PBXFileReference; lastKnownFileType = sourcecode.swift; path = DataController.swift; sourceTree = "<group>"; };
		FE2852FD2644EBBB0003B671 /* Virtual Tourist.app */ = {isa = PBXFileReference; explicitFileType = wrapper.application; includeInIndex = 0; path = "Virtual Tourist.app"; sourceTree = BUILT_PRODUCTS_DIR; };
		FE2853002644EBBB0003B671 /* AppDelegate.swift */ = {isa = PBXFileReference; lastKnownFileType = sourcecode.swift; path = AppDelegate.swift; sourceTree = "<group>"; };
		FE2853022644EBBB0003B671 /* SceneDelegate.swift */ = {isa = PBXFileReference; lastKnownFileType = sourcecode.swift; path = SceneDelegate.swift; sourceTree = "<group>"; };
		FE2853042644EBBB0003B671 /*  TravelLocationsMapView.swift */ = {isa = PBXFileReference; lastKnownFileType = sourcecode.swift; path = " TravelLocationsMapView.swift"; sourceTree = "<group>"; };
		FE2853072644EBBB0003B671 /* Base */ = {isa = PBXFileReference; lastKnownFileType = file.storyboard; name = Base; path = Base.lproj/Main.storyboard; sourceTree = "<group>"; };
		FE28530C2644EBBE0003B671 /* Assets.xcassets */ = {isa = PBXFileReference; lastKnownFileType = folder.assetcatalog; path = Assets.xcassets; sourceTree = "<group>"; };
		FE28530F2644EBBE0003B671 /* Base */ = {isa = PBXFileReference; lastKnownFileType = file.storyboard; name = Base; path = Base.lproj/LaunchScreen.storyboard; sourceTree = "<group>"; };
		FE2853112644EBBE0003B671 /* Info.plist */ = {isa = PBXFileReference; lastKnownFileType = text.plist.xml; path = Info.plist; sourceTree = "<group>"; };
		FE5164AF264BA8020057C445 /* PhotoAlbumCollectionViewCell.swift */ = {isa = PBXFileReference; lastKnownFileType = sourcecode.swift; path = PhotoAlbumCollectionViewCell.swift; sourceTree = "<group>"; };
		FE7F627C264FF88F0020D3CF /* Pin+Extentions.swift */ = {isa = PBXFileReference; lastKnownFileType = sourcecode.swift; path = "Pin+Extentions.swift"; sourceTree = "<group>"; };
		FE7F627F264FF8D90020D3CF /* Photo+Extensions.swift */ = {isa = PBXFileReference; lastKnownFileType = sourcecode.swift; path = "Photo+Extensions.swift"; sourceTree = "<group>"; };
		FE7F628326501F850020D3CF /* MKMapView+Extensions.swift */ = {isa = PBXFileReference; lastKnownFileType = sourcecode.swift; path = "MKMapView+Extensions.swift"; sourceTree = "<group>"; };
		FE891CF6264AD911004F09E9 /* FlickrClient.swift */ = {isa = PBXFileReference; lastKnownFileType = sourcecode.swift; path = FlickrClient.swift; sourceTree = "<group>"; };
		FE891CFB264B7DB2004F09E9 /* SearchPhotos.swift */ = {isa = PBXFileReference; lastKnownFileType = sourcecode.swift; path = SearchPhotos.swift; sourceTree = "<group>"; };
		FEB174642649159800E80CEA /* PhotoAlbumViewController.swift */ = {isa = PBXFileReference; lastKnownFileType = sourcecode.swift; path = PhotoAlbumViewController.swift; sourceTree = "<group>"; };
		FEB1746E264931C800E80CEA /* VirtualTourist.xcdatamodel */ = {isa = PBXFileReference; lastKnownFileType = wrapper.xcdatamodel; path = VirtualTourist.xcdatamodel; sourceTree = "<group>"; };
/* End PBXFileReference section */

/* Begin PBXFrameworksBuildPhase section */
		FE2852FA2644EBBB0003B671 /* Frameworks */ = {
			isa = PBXFrameworksBuildPhase;
			buildActionMask = 2147483647;
			files = (
			);
			runOnlyForDeploymentPostprocessing = 0;
		};
/* End PBXFrameworksBuildPhase section */

/* Begin PBXGroup section */
		FE2852F42644EBBB0003B671 = {
			isa = PBXGroup;
			children = (
				FE2853002644EBBB0003B671 /* AppDelegate.swift */,
				FE2853022644EBBB0003B671 /* SceneDelegate.swift */,
				FE2852FF2644EBBB0003B671 /* Virtual Tourist */,
				FE2852FE2644EBBB0003B671 /* Products */,
			);
			sourceTree = "<group>";
		};
		FE2852FE2644EBBB0003B671 /* Products */ = {
			isa = PBXGroup;
			children = (
				FE2852FD2644EBBB0003B671 /* Virtual Tourist.app */,
			);
			name = Products;
			sourceTree = "<group>";
		};
		FE2852FF2644EBBB0003B671 /* Virtual Tourist */ = {
			isa = PBXGroup;
			children = (
				FE7F628226501F6B0020D3CF /* Extensions */,
				FE28531D2644ECDC0003B671 /* Storyboards */,
				FE28531C2644EC9E0003B671 /* Assets */,
				FE28531A2644EC200003B671 /* View */,
				FE2853192644EC130003B671 /* Controller */,
				FE2853182644EC050003B671 /* Model */,
				FE2853112644EBBE0003B671 /* Info.plist */,
			);
			path = "Virtual Tourist";
			sourceTree = "<group>";
		};
		FE2853182644EC050003B671 /* Model */ = {
			isa = PBXGroup;
			children = (
				FE7F627B264FF8500020D3CF /* Managed Object Extensions */,
				FE891CF9264B7C35004F09E9 /* Flickr Response */,
				FE891CF5264AD900004F09E9 /* Flickr Client */,
				FEB1746D264931C800E80CEA /* VirtualTourist.xcdatamodeld */,
				FE0329B52649342B00919166 /* DataController.swift */,
			);
			path = Model;
			sourceTree = "<group>";
		};
		FE2853192644EC130003B671 /* Controller */ = {
			isa = PBXGroup;
			children = (
				FE2853042644EBBB0003B671 /*  TravelLocationsMapView.swift */,
				FEB174642649159800E80CEA /* PhotoAlbumViewController.swift */,
			);
			path = Controller;
			sourceTree = "<group>";
		};
		FE28531A2644EC200003B671 /* View */ = {
			isa = PBXGroup;
			children = (
				FE5164AF264BA8020057C445 /* PhotoAlbumCollectionViewCell.swift */,
			);
			path = View;
			sourceTree = "<group>";
		};
		FE28531C2644EC9E0003B671 /* Assets */ = {
			isa = PBXGroup;
			children = (
				FE28530C2644EBBE0003B671 /* Assets.xcassets */,
			);
			path = Assets;
			sourceTree = "<group>";
		};
		FE28531D2644ECDC0003B671 /* Storyboards */ = {
			isa = PBXGroup;
			children = (
				FE2853062644EBBB0003B671 /* Main.storyboard */,
				FE28530E2644EBBE0003B671 /* LaunchScreen.storyboard */,
			);
			path = Storyboards;
			sourceTree = "<group>";
		};
		FE7F627B264FF8500020D3CF /* Managed Object Extensions */ = {
			isa = PBXGroup;
			children = (
				FE7F627C264FF88F0020D3CF /* Pin+Extentions.swift */,
				FE7F627F264FF8D90020D3CF /* Photo+Extensions.swift */,
			);
			path = "Managed Object Extensions";
			sourceTree = "<group>";
		};
		FE7F628226501F6B0020D3CF /* Extensions */ = {
			isa = PBXGroup;
			children = (
				FE7F628326501F850020D3CF /* MKMapView+Extensions.swift */,
			);
			path = Extensions;
			sourceTree = "<group>";
		};
		FE891CF5264AD900004F09E9 /* Flickr Client */ = {
			isa = PBXGroup;
			children = (
				FE891CF6264AD911004F09E9 /* FlickrClient.swift */,
			);
			path = "Flickr Client";
			sourceTree = "<group>";
		};
		FE891CF9264B7C35004F09E9 /* Flickr Response */ = {
			isa = PBXGroup;
			children = (
				FE891CFB264B7DB2004F09E9 /* SearchPhotos.swift */,
			);
			path = "Flickr Response";
			sourceTree = "<group>";
		};
/* End PBXGroup section */

/* Begin PBXNativeTarget section */
		FE2852FC2644EBBB0003B671 /* Virtual Tourist */ = {
			isa = PBXNativeTarget;
			buildConfigurationList = FE2853142644EBBE0003B671 /* Build configuration list for PBXNativeTarget "Virtual Tourist" */;
			buildPhases = (
				FE2852F92644EBBB0003B671 /* Sources */,
				FE2852FA2644EBBB0003B671 /* Frameworks */,
				FE2852FB2644EBBB0003B671 /* Resources */,
			);
			buildRules = (
			);
			dependencies = (
			);
			name = "Virtual Tourist";
			productName = "Virtual Tourist";
			productReference = FE2852FD2644EBBB0003B671 /* Virtual Tourist.app */;
			productType = "com.apple.product-type.application";
		};
/* End PBXNativeTarget section */

/* Begin PBXProject section */
		FE2852F52644EBBB0003B671 /* Project object */ = {
			isa = PBXProject;
			attributes = {
				LastSwiftUpdateCheck = 1240;
				LastUpgradeCheck = 1240;
				TargetAttributes = {
					FE2852FC2644EBBB0003B671 = {
						CreatedOnToolsVersion = 12.4;
					};
				};
			};
			buildConfigurationList = FE2852F82644EBBB0003B671 /* Build configuration list for PBXProject "Virtual Tourist" */;
			compatibilityVersion = "Xcode 9.3";
			developmentRegion = en;
			hasScannedForEncodings = 0;
			knownRegions = (
				en,
				Base,
			);
			mainGroup = FE2852F42644EBBB0003B671;
			productRefGroup = FE2852FE2644EBBB0003B671 /* Products */;
			projectDirPath = "";
			projectRoot = "";
			targets = (
				FE2852FC2644EBBB0003B671 /* Virtual Tourist */,
			);
		};
/* End PBXProject section */

/* Begin PBXResourcesBuildPhase section */
		FE2852FB2644EBBB0003B671 /* Resources */ = {
			isa = PBXResourcesBuildPhase;
			buildActionMask = 2147483647;
			files = (
				FE2853102644EBBE0003B671 /* LaunchScreen.storyboard in Resources */,
				FE28530D2644EBBE0003B671 /* Assets.xcassets in Resources */,
				FE2853082644EBBB0003B671 /* Main.storyboard in Resources */,
			);
			runOnlyForDeploymentPostprocessing = 0;
		};
/* End PBXResourcesBuildPhase section */

/* Begin PBXSourcesBuildPhase section */
		FE2852F92644EBBB0003B671 /* Sources */ = {
			isa = PBXSourcesBuildPhase;
			buildActionMask = 2147483647;
			files = (
				FE2853052644EBBB0003B671 /*  TravelLocationsMapView.swift in Sources */,
				FE0329B62649342B00919166 /* DataController.swift in Sources */,
				FE891CF7264AD911004F09E9 /* FlickrClient.swift in Sources */,
				FE7F6280264FF8D90020D3CF /* Photo+Extensions.swift in Sources */,
				FEB1746F264931C800E80CEA /* VirtualTourist.xcdatamodeld in Sources */,
				FE2853012644EBBB0003B671 /* AppDelegate.swift in Sources */,
				FE5164B0264BA8020057C445 /* PhotoAlbumCollectionViewCell.swift in Sources */,
				FE7F628426501F850020D3CF /* MKMapView+Extensions.swift in Sources */,
				FE7F627D264FF88F0020D3CF /* Pin+Extentions.swift in Sources */,
				FE2853032644EBBB0003B671 /* SceneDelegate.swift in Sources */,
				FE891CFC264B7DB2004F09E9 /* SearchPhotos.swift in Sources */,
				FEB174652649159800E80CEA /* PhotoAlbumViewController.swift in Sources */,
			);
			runOnlyForDeploymentPostprocessing = 0;
		};
/* End PBXSourcesBuildPhase section */

/* Begin PBXVariantGroup section */
		FE2853062644EBBB0003B671 /* Main.storyboard */ = {
			isa = PBXVariantGroup;
			children = (
				FE2853072644EBBB0003B671 /* Base */,
			);
			name = Main.storyboard;
			sourceTree = "<group>";
		};
		FE28530E2644EBBE0003B671 /* LaunchScreen.storyboard */ = {
			isa = PBXVariantGroup;
			children = (
				FE28530F2644EBBE0003B671 /* Base */,
			);
			name = LaunchScreen.storyboard;
			sourceTree = "<group>";
		};
/* End PBXVariantGroup section */

/* Begin XCBuildConfiguration section */
		FE2853122644EBBE0003B671 /* Debug */ = {
			isa = XCBuildConfiguration;
			buildSettings = {
				ALWAYS_SEARCH_USER_PATHS = NO;
				CLANG_ANALYZER_NONNULL = YES;
				CLANG_ANALYZER_NUMBER_OBJECT_CONVERSION = YES_AGGRESSIVE;
				CLANG_CXX_LANGUAGE_STANDARD = "gnu++14";
				CLANG_CXX_LIBRARY = "libc++";
				CLANG_ENABLE_MODULES = YES;
				CLANG_ENABLE_OBJC_ARC = YES;
				CLANG_ENABLE_OBJC_WEAK = YES;
				CLANG_WARN_BLOCK_CAPTURE_AUTORELEASING = YES;
				CLANG_WARN_BOOL_CONVERSION = YES;
				CLANG_WARN_COMMA = YES;
				CLANG_WARN_CONSTANT_CONVERSION = YES;
				CLANG_WARN_DEPRECATED_OBJC_IMPLEMENTATIONS = YES;
				CLANG_WARN_DIRECT_OBJC_ISA_USAGE = YES_ERROR;
				CLANG_WARN_DOCUMENTATION_COMMENTS = YES;
				CLANG_WARN_EMPTY_BODY = YES;
				CLANG_WARN_ENUM_CONVERSION = YES;
				CLANG_WARN_INFINITE_RECURSION = YES;
				CLANG_WARN_INT_CONVERSION = YES;
				CLANG_WARN_NON_LITERAL_NULL_CONVERSION = YES;
				CLANG_WARN_OBJC_IMPLICIT_RETAIN_SELF = YES;
				CLANG_WARN_OBJC_LITERAL_CONVERSION = YES;
				CLANG_WARN_OBJC_ROOT_CLASS = YES_ERROR;
				CLANG_WARN_QUOTED_INCLUDE_IN_FRAMEWORK_HEADER = YES;
				CLANG_WARN_RANGE_LOOP_ANALYSIS = YES;
				CLANG_WARN_STRICT_PROTOTYPES = YES;
				CLANG_WARN_SUSPICIOUS_MOVE = YES;
				CLANG_WARN_UNGUARDED_AVAILABILITY = YES_AGGRESSIVE;
				CLANG_WARN_UNREACHABLE_CODE = YES;
				CLANG_WARN__DUPLICATE_METHOD_MATCH = YES;
				COPY_PHASE_STRIP = NO;
				DEBUG_INFORMATION_FORMAT = dwarf;
				ENABLE_STRICT_OBJC_MSGSEND = YES;
				ENABLE_TESTABILITY = YES;
				GCC_C_LANGUAGE_STANDARD = gnu11;
				GCC_DYNAMIC_NO_PIC = NO;
				GCC_NO_COMMON_BLOCKS = YES;
				GCC_OPTIMIZATION_LEVEL = 0;
				GCC_PREPROCESSOR_DEFINITIONS = (
					"DEBUG=1",
					"$(inherited)",
				);
				GCC_WARN_64_TO_32_BIT_CONVERSION = YES;
				GCC_WARN_ABOUT_RETURN_TYPE = YES_ERROR;
				GCC_WARN_UNDECLARED_SELECTOR = YES;
				GCC_WARN_UNINITIALIZED_AUTOS = YES_AGGRESSIVE;
				GCC_WARN_UNUSED_FUNCTION = YES;
				GCC_WARN_UNUSED_VARIABLE = YES;
				IPHONEOS_DEPLOYMENT_TARGET = 14.4;
				MTL_ENABLE_DEBUG_INFO = INCLUDE_SOURCE;
				MTL_FAST_MATH = YES;
				ONLY_ACTIVE_ARCH = YES;
				SDKROOT = iphoneos;
				SWIFT_ACTIVE_COMPILATION_CONDITIONS = DEBUG;
				SWIFT_OPTIMIZATION_LEVEL = "-Onone";
			};
			name = Debug;
		};
		FE2853132644EBBE0003B671 /* Release */ = {
			isa = XCBuildConfiguration;
			buildSettings = {
				ALWAYS_SEARCH_USER_PATHS = NO;
				CLANG_ANALYZER_NONNULL = YES;
				CLANG_ANALYZER_NUMBER_OBJECT_CONVERSION = YES_AGGRESSIVE;
				CLANG_CXX_LANGUAGE_STANDARD = "gnu++14";
				CLANG_CXX_LIBRARY = "libc++";
				CLANG_ENABLE_MODULES = YES;
				CLANG_ENABLE_OBJC_ARC = YES;
				CLANG_ENABLE_OBJC_WEAK = YES;
				CLANG_WARN_BLOCK_CAPTURE_AUTORELEASING = YES;
				CLANG_WARN_BOOL_CONVERSION = YES;
				CLANG_WARN_COMMA = YES;
				CLANG_WARN_CONSTANT_CONVERSION = YES;
				CLANG_WARN_DEPRECATED_OBJC_IMPLEMENTATIONS = YES;
				CLANG_WARN_DIRECT_OBJC_ISA_USAGE = YES_ERROR;
				CLANG_WARN_DOCUMENTATION_COMMENTS = YES;
				CLANG_WARN_EMPTY_BODY = YES;
				CLANG_WARN_ENUM_CONVERSION = YES;
				CLANG_WARN_INFINITE_RECURSION = YES;
				CLANG_WARN_INT_CONVERSION = YES;
				CLANG_WARN_NON_LITERAL_NULL_CONVERSION = YES;
				CLANG_WARN_OBJC_IMPLICIT_RETAIN_SELF = YES;
				CLANG_WARN_OBJC_LITERAL_CONVERSION = YES;
				CLANG_WARN_OBJC_ROOT_CLASS = YES_ERROR;
				CLANG_WARN_QUOTED_INCLUDE_IN_FRAMEWORK_HEADER = YES;
				CLANG_WARN_RANGE_LOOP_ANALYSIS = YES;
				CLANG_WARN_STRICT_PROTOTYPES = YES;
				CLANG_WARN_SUSPICIOUS_MOVE = YES;
				CLANG_WARN_UNGUARDED_AVAILABILITY = YES_AGGRESSIVE;
				CLANG_WARN_UNREACHABLE_CODE = YES;
				CLANG_WARN__DUPLICATE_METHOD_MATCH = YES;
				COPY_PHASE_STRIP = NO;
				DEBUG_INFORMATION_FORMAT = "dwarf-with-dsym";
				ENABLE_NS_ASSERTIONS = NO;
				ENABLE_STRICT_OBJC_MSGSEND = YES;
				GCC_C_LANGUAGE_STANDARD = gnu11;
				GCC_NO_COMMON_BLOCKS = YES;
				GCC_WARN_64_TO_32_BIT_CONVERSION = YES;
				GCC_WARN_ABOUT_RETURN_TYPE = YES_ERROR;
				GCC_WARN_UNDECLARED_SELECTOR = YES;
				GCC_WARN_UNINITIALIZED_AUTOS = YES_AGGRESSIVE;
				GCC_WARN_UNUSED_FUNCTION = YES;
				GCC_WARN_UNUSED_VARIABLE = YES;
				IPHONEOS_DEPLOYMENT_TARGET = 14.4;
				MTL_ENABLE_DEBUG_INFO = NO;
				MTL_FAST_MATH = YES;
				SDKROOT = iphoneos;
				SWIFT_COMPILATION_MODE = wholemodule;
				SWIFT_OPTIMIZATION_LEVEL = "-O";
				VALIDATE_PRODUCT = YES;
			};
			name = Release;
		};
		FE2853152644EBBE0003B671 /* Debug */ = {
			isa = XCBuildConfiguration;
			buildSettings = {
				ASSETCATALOG_COMPILER_APPICON_NAME = AppIcon;
				ASSETCATALOG_COMPILER_GLOBAL_ACCENT_COLOR_NAME = AccentColor;
				CODE_SIGN_STYLE = Automatic;
				DEVELOPMENT_TEAM = FX5AX2F4W4;
				INFOPLIST_FILE = "Virtual Tourist/Info.plist";
				LD_RUNPATH_SEARCH_PATHS = (
					"$(inherited)",
					"@executable_path/Frameworks",
				);
				PRODUCT_BUNDLE_IDENTIFIER = "com.udacity.galina.Virtual-Tourist";
				PRODUCT_NAME = "$(TARGET_NAME)";
				SWIFT_VERSION = 5.0;
				TARGETED_DEVICE_FAMILY = "1,2";
			};
			name = Debug;
		};
		FE2853162644EBBE0003B671 /* Release */ = {
			isa = XCBuildConfiguration;
			buildSettings = {
				ASSETCATALOG_COMPILER_APPICON_NAME = AppIcon;
				ASSETCATALOG_COMPILER_GLOBAL_ACCENT_COLOR_NAME = AccentColor;
				CODE_SIGN_STYLE = Automatic;
				DEVELOPMENT_TEAM = FX5AX2F4W4;
				INFOPLIST_FILE = "Virtual Tourist/Info.plist";
				LD_RUNPATH_SEARCH_PATHS = (
					"$(inherited)",
					"@executable_path/Frameworks",
				);
				PRODUCT_BUNDLE_IDENTIFIER = "com.udacity.galina.Virtual-Tourist";
				PRODUCT_NAME = "$(TARGET_NAME)";
				SWIFT_VERSION = 5.0;
				TARGETED_DEVICE_FAMILY = "1,2";
			};
			name = Release;
		};
/* End XCBuildConfiguration section */

/* Begin XCConfigurationList section */
		FE2852F82644EBBB0003B671 /* Build configuration list for PBXProject "Virtual Tourist" */ = {
			isa = XCConfigurationList;
			buildConfigurations = (
				FE2853122644EBBE0003B671 /* Debug */,
				FE2853132644EBBE0003B671 /* Release */,
			);
			defaultConfigurationIsVisible = 0;
			defaultConfigurationName = Release;
		};
		FE2853142644EBBE0003B671 /* Build configuration list for PBXNativeTarget "Virtual Tourist" */ = {
			isa = XCConfigurationList;
			buildConfigurations = (
				FE2853152644EBBE0003B671 /* Debug */,
				FE2853162644EBBE0003B671 /* Release */,
			);
			defaultConfigurationIsVisible = 0;
			defaultConfigurationName = Release;
		};
/* End XCConfigurationList section */

/* Begin XCVersionGroup section */
		FEB1746D264931C800E80CEA /* VirtualTourist.xcdatamodeld */ = {
			isa = XCVersionGroup;
			children = (
				FEB1746E264931C800E80CEA /* VirtualTourist.xcdatamodel */,
			);
			currentVersion = FEB1746E264931C800E80CEA /* VirtualTourist.xcdatamodel */;
			path = VirtualTourist.xcdatamodeld;
			sourceTree = "<group>";
			versionGroupType = wrapper.xcdatamodel;
		};
/* End XCVersionGroup section */
	};
	rootObject = FE2852F52644EBBB0003B671 /* Project object */;
}
